
Microsoft Visual Studio Solution File, Format Version 12.00
# Visual Studio Version 16
VisualStudioVersion = 16.0.31129.286
MinimumVisualStudioVersion = 10.0.40219.1
Project("{FAE04EC0-301F-11D3-BF4B-00C04F79EFBC}") = "01- TCKimlik No Doğrulama", "01- TCKimlik No Doğrulama\01- TCKimlik No Doğrulama.csproj", "{C223F00E-8FEF-474E-AD6A-26296578AD90}"
EndProject
Project("{FAE04EC0-301F-11D3-BF4B-00C04F79EFBC}") = "02-Mayın Tarlası Oyunu", "02-Mayın Tarlası Oyunu\02-Mayın Tarlası Oyunu.csproj", "{8AE99FFA-1D73-4EF2-B063-45B7D5490C47}"
EndProject
Global
	GlobalSection(SolutionConfigurationPlatforms) = preSolution
		Debug|Any CPU = Debug|Any CPU
		Release|Any CPU = Release|Any CPU
	EndGlobalSection
	GlobalSection(ProjectConfigurationPlatforms) = postSolution
		{C223F00E-8FEF-474E-AD6A-26296578AD90}.Debug|Any CPU.ActiveCfg = Debug|Any CPU
		{C223F00E-8FEF-474E-AD6A-26296578AD90}.Debug|Any CPU.Build.0 = Debug|Any CPU
		{C223F00E-8FEF-474E-AD6A-26296578AD90}.Release|Any CPU.ActiveCfg = Release|Any CPU
		{C223F00E-8FEF-474E-AD6A-26296578AD90}.Release|Any CPU.Build.0 = Release|Any CPU
		{8AE99FFA-1D73-4EF2-B063-45B7D5490C47}.Debug|Any CPU.ActiveCfg = Debug|Any CPU
		{8AE99FFA-1D73-4EF2-B063-45B7D5490C47}.Debug|Any CPU.Build.0 = Debug|Any CPU
		{8AE99FFA-1D73-4EF2-B063-45B7D5490C47}.Release|Any CPU.ActiveCfg = Release|Any CPU
		{8AE99FFA-1D73-4EF2-B063-45B7D5490C47}.Release|Any CPU.Build.0 = Release|Any CPU
	EndGlobalSection
	GlobalSection(SolutionProperties) = preSolution
		HideSolutionNode = FALSE
	EndGlobalSection
	GlobalSection(ExtensibilityGlobals) = postSolution
		SolutionGuid = {E417E730-A48F-4FC9-AFED-0AB9A9A5C829}
	EndGlobalSection
EndGlobal
